// !$*UTF8*$!
{
	archiveVersion = 1;
	classes = {
	};
	objectVersion = 50;
	objects = {

/* Begin PBXBuildFile section */
		DE6D2A5020AC2A0D00FC8EF9 /* AppDelegate.swift in Sources */ = {isa = PBXBuildFile; fileRef = DE6D2A4F20AC2A0D00FC8EF9 /* AppDelegate.swift */; };
		DE6D2A5220AC2A0D00FC8EF9 /* ViewController.swift in Sources */ = {isa = PBXBuildFile; fileRef = DE6D2A5120AC2A0D00FC8EF9 /* ViewController.swift */; };
		DE6D2A5520AC2A0D00FC8EF9 /* Main.storyboard in Resources */ = {isa = PBXBuildFile; fileRef = DE6D2A5320AC2A0D00FC8EF9 /* Main.storyboard */; };
		DE6D2A5720AC2A0E00FC8EF9 /* Assets.xcassets in Resources */ = {isa = PBXBuildFile; fileRef = DE6D2A5620AC2A0E00FC8EF9 /* Assets.xcassets */; };
		DE6D2A5A20AC2A0E00FC8EF9 /* LaunchScreen.storyboard in Resources */ = {isa = PBXBuildFile; fileRef = DE6D2A5820AC2A0E00FC8EF9 /* LaunchScreen.storyboard */; };
		DE6D2A7120AC2A7F00FC8EF9 /* Astronaute.swift in Sources */ = {isa = PBXBuildFile; fileRef = DE6D2A7020AC2A7F00FC8EF9 /* Astronaute.swift */; };
		DE6D2A7320AC2ADF00FC8EF9 /* AstronauteTests.swift in Sources */ = {isa = PBXBuildFile; fileRef = DE6D2A7220AC2ADF00FC8EF9 /* AstronauteTests.swift */; };
		DE8D67B320AC86D7006F0982 /* ViewControllerTests.swift in Sources */ = {isa = PBXBuildFile; fileRef = DE8D67B220AC86D7006F0982 /* ViewControllerTests.swift */; };
/* End PBXBuildFile section */

/* Begin PBXContainerItemProxy section */
		DE6D2A6120AC2A0E00FC8EF9 /* PBXContainerItemProxy */ = {
			isa = PBXContainerItemProxy;
			containerPortal = DE6D2A4420AC2A0C00FC8EF9 /* Project object */;
			proxyType = 1;
			remoteGlobalIDString = DE6D2A4B20AC2A0C00FC8EF9;
			remoteInfo = DemoAstronaute;
		};
/* End PBXContainerItemProxy section */

/* Begin PBXFileReference section */
		DE6D2A4C20AC2A0C00FC8EF9 /* DemoAstronaute.app */ = {isa = PBXFileReference; explicitFileType = wrapper.application; includeInIndex = 0; path = DemoAstronaute.app; sourceTree = BUILT_PRODUCTS_DIR; };
		DE6D2A4F20AC2A0D00FC8EF9 /* AppDelegate.swift */ = {isa = PBXFileReference; lastKnownFileType = sourcecode.swift; path = AppDelegate.swift; sourceTree = "<group>"; };
		DE6D2A5120AC2A0D00FC8EF9 /* ViewController.swift */ = {isa = PBXFileReference; lastKnownFileType = sourcecode.swift; path = ViewController.swift; sourceTree = "<group>"; };
		DE6D2A5420AC2A0D00FC8EF9 /* Base */ = {isa = PBXFileReference; lastKnownFileType = file.storyboard; name = Base; path = Base.lproj/Main.storyboard; sourceTree = "<group>"; };
		DE6D2A5620AC2A0E00FC8EF9 /* Assets.xcassets */ = {isa = PBXFileReference; lastKnownFileType = folder.assetcatalog; path = Assets.xcassets; sourceTree = "<group>"; };
		DE6D2A5920AC2A0E00FC8EF9 /* Base */ = {isa = PBXFileReference; lastKnownFileType = file.storyboard; name = Base; path = Base.lproj/LaunchScreen.storyboard; sourceTree = "<group>"; };
		DE6D2A5B20AC2A0E00FC8EF9 /* Info.plist */ = {isa = PBXFileReference; lastKnownFileType = text.plist.xml; path = Info.plist; sourceTree = "<group>"; };
		DE6D2A6020AC2A0E00FC8EF9 /* DemoAstronauteTests.xctest */ = {isa = PBXFileReference; explicitFileType = wrapper.cfbundle; includeInIndex = 0; path = DemoAstronauteTests.xctest; sourceTree = BUILT_PRODUCTS_DIR; };
		DE6D2A6620AC2A0E00FC8EF9 /* Info.plist */ = {isa = PBXFileReference; lastKnownFileType = text.plist.xml; path = Info.plist; sourceTree = "<group>"; };
		DE6D2A7020AC2A7F00FC8EF9 /* Astronaute.swift */ = {isa = PBXFileReference; lastKnownFileType = sourcecode.swift; path = Astronaute.swift; sourceTree = "<group>"; };
		DE6D2A7220AC2ADF00FC8EF9 /* AstronauteTests.swift */ = {isa = PBXFileReference; lastKnownFileType = sourcecode.swift; path = AstronauteTests.swift; sourceTree = "<group>"; };
		DE8D67B220AC86D7006F0982 /* ViewControllerTests.swift */ = {isa = PBXFileReference; lastKnownFileType = sourcecode.swift; path = ViewControllerTests.swift; sourceTree = "<group>"; };
/* End PBXFileReference section */

/* Begin PBXFrameworksBuildPhase section */
		DE6D2A4920AC2A0C00FC8EF9 /* Frameworks */ = {
			isa = PBXFrameworksBuildPhase;
			buildActionMask = 2147483647;
			files = (
			);
			runOnlyForDeploymentPostprocessing = 0;
		};
		DE6D2A5D20AC2A0E00FC8EF9 /* Frameworks */ = {
			isa = PBXFrameworksBuildPhase;
			buildActionMask = 2147483647;
			files = (
			);
			runOnlyForDeploymentPostprocessing = 0;
		};
/* End PBXFrameworksBuildPhase section */

/* Begin PBXGroup section */
		DE6D2A4320AC2A0C00FC8EF9 = {
			isa = PBXGroup;
			children = (
				DE6D2A4E20AC2A0C00FC8EF9 /* DemoAstronaute */,
				DE6D2A6320AC2A0E00FC8EF9 /* DemoAstronauteTests */,
				DE6D2A4D20AC2A0C00FC8EF9 /* Products */,
			);
			sourceTree = "<group>";
		};
		DE6D2A4D20AC2A0C00FC8EF9 /* Products */ = {
			isa = PBXGroup;
			children = (
				DE6D2A4C20AC2A0C00FC8EF9 /* DemoAstronaute.app */,
				DE6D2A6020AC2A0E00FC8EF9 /* DemoAstronauteTests.xctest */,
			);
			name = Products;
			sourceTree = "<group>";
		};
		DE6D2A4E20AC2A0C00FC8EF9 /* DemoAstronaute */ = {
			isa = PBXGroup;
			children = (
				DE6D2A6F20AC2A4600FC8EF9 /* Models */,
				DE6D2A4F20AC2A0D00FC8EF9 /* AppDelegate.swift */,
				DE6D2A5120AC2A0D00FC8EF9 /* ViewController.swift */,
				DE6D2A5320AC2A0D00FC8EF9 /* Main.storyboard */,
				DE6D2A5620AC2A0E00FC8EF9 /* Assets.xcassets */,
				DE6D2A5820AC2A0E00FC8EF9 /* LaunchScreen.storyboard */,
				DE6D2A5B20AC2A0E00FC8EF9 /* Info.plist */,
			);
			path = DemoAstronaute;
			sourceTree = "<group>";
		};
		DE6D2A6320AC2A0E00FC8EF9 /* DemoAstronauteTests */ = {
			isa = PBXGroup;
			children = (
				DE6D2A6620AC2A0E00FC8EF9 /* Info.plist */,
				DE6D2A7220AC2ADF00FC8EF9 /* AstronauteTests.swift */,
				DE8D67B220AC86D7006F0982 /* ViewControllerTests.swift */,
			);
			path = DemoAstronauteTests;
			sourceTree = "<group>";
		};
		DE6D2A6F20AC2A4600FC8EF9 /* Models */ = {
			isa = PBXGroup;
			children = (
				DE6D2A7020AC2A7F00FC8EF9 /* Astronaute.swift */,
			);
			path = Models;
			sourceTree = "<group>";
		};
/* End PBXGroup section */

/* Begin PBXNativeTarget section */
		DE6D2A4B20AC2A0C00FC8EF9 /* DemoAstronaute */ = {
			isa = PBXNativeTarget;
			buildConfigurationList = DE6D2A6920AC2A0E00FC8EF9 /* Build configuration list for PBXNativeTarget "DemoAstronaute" */;
			buildPhases = (
				DE6D2A4820AC2A0C00FC8EF9 /* Sources */,
				DE6D2A4920AC2A0C00FC8EF9 /* Frameworks */,
				DE6D2A4A20AC2A0C00FC8EF9 /* Resources */,
			);
			buildRules = (
			);
			dependencies = (
			);
			name = DemoAstronaute;
			productName = DemoAstronaute;
			productReference = DE6D2A4C20AC2A0C00FC8EF9 /* DemoAstronaute.app */;
			productType = "com.apple.product-type.application";
		};
		DE6D2A5F20AC2A0E00FC8EF9 /* DemoAstronauteTests */ = {
			isa = PBXNativeTarget;
			buildConfigurationList = DE6D2A6C20AC2A0E00FC8EF9 /* Build configuration list for PBXNativeTarget "DemoAstronauteTests" */;
			buildPhases = (
				DE6D2A5C20AC2A0E00FC8EF9 /* Sources */,
				DE6D2A5D20AC2A0E00FC8EF9 /* Frameworks */,
				DE6D2A5E20AC2A0E00FC8EF9 /* Resources */,
			);
			buildRules = (
			);
			dependencies = (
				DE6D2A6220AC2A0E00FC8EF9 /* PBXTargetDependency */,
			);
			name = DemoAstronauteTests;
			productName = DemoAstronauteTests;
			productReference = DE6D2A6020AC2A0E00FC8EF9 /* DemoAstronauteTests.xctest */;
			productType = "com.apple.product-type.bundle.unit-test";
		};
/* End PBXNativeTarget section */

/* Begin PBXProject section */
		DE6D2A4420AC2A0C00FC8EF9 /* Project object */ = {
			isa = PBXProject;
			attributes = {
				LastSwiftUpdateCheck = 0930;
				LastUpgradeCheck = 0930;
				ORGANIZATIONNAME = MobilePowered;
				TargetAttributes = {
					DE6D2A4B20AC2A0C00FC8EF9 = {
						CreatedOnToolsVersion = 9.3;
					};
					DE6D2A5F20AC2A0E00FC8EF9 = {
						CreatedOnToolsVersion = 9.3;
						LastSwiftMigration = 0930;
						TestTargetID = DE6D2A4B20AC2A0C00FC8EF9;
					};
				};
			};
			buildConfigurationList = DE6D2A4720AC2A0C00FC8EF9 /* Build configuration list for PBXProject "DemoAstronaute" */;
			compatibilityVersion = "Xcode 9.3";
			developmentRegion = en;
			hasScannedForEncodings = 0;
			knownRegions = (
				en,
				Base,
			);
			mainGroup = DE6D2A4320AC2A0C00FC8EF9;
			productRefGroup = DE6D2A4D20AC2A0C00FC8EF9 /* Products */;
			projectDirPath = "";
			projectRoot = "";
			targets = (
				DE6D2A4B20AC2A0C00FC8EF9 /* DemoAstronaute */,
				DE6D2A5F20AC2A0E00FC8EF9 /* DemoAstronauteTests */,
			);
		};
/* End PBXProject section */

/* Begin PBXResourcesBuildPhase section */
		DE6D2A4A20AC2A0C00FC8EF9 /* Resources */ = {
			isa = PBXResourcesBuildPhase;
			buildActionMask = 2147483647;
			files = (
				DE6D2A5A20AC2A0E00FC8EF9 /* LaunchScreen.storyboard in Resources */,
				DE6D2A5720AC2A0E00FC8EF9 /* Assets.xcassets in Resources */,
				DE6D2A5520AC2A0D00FC8EF9 /* Main.storyboard in Resources */,
			);
			runOnlyForDeploymentPostprocessing = 0;
		};
		DE6D2A5E20AC2A0E00FC8EF9 /* Resources */ = {
			isa = PBXResourcesBuildPhase;
			buildActionMask = 2147483647;
			files = (
			);
			runOnlyForDeploymentPostprocessing = 0;
		};
/* End PBXResourcesBuildPhase section */

/* Begin PBXSourcesBuildPhase section */
		DE6D2A4820AC2A0C00FC8EF9 /* Sources */ = {
			isa = PBXSourcesBuildPhase;
			buildActionMask = 2147483647;
			files = (
				DE6D2A5220AC2A0D00FC8EF9 /* ViewController.swift in Sources */,
				DE6D2A7120AC2A7F00FC8EF9 /* Astronaute.swift in Sources */,
				DE6D2A5020AC2A0D00FC8EF9 /* AppDelegate.swift in Sources */,
			);
			runOnlyForDeploymentPostprocessing = 0;
		};
		DE6D2A5C20AC2A0E00FC8EF9 /* Sources */ = {
			isa = PBXSourcesBuildPhase;
			buildActionMask = 2147483647;
			files = (
				DE8D67B320AC86D7006F0982 /* ViewControllerTests.swift in Sources */,
				DE6D2A7320AC2ADF00FC8EF9 /* AstronauteTests.swift in Sources */,
			);
			runOnlyForDeploymentPostprocessing = 0;
		};
/* End PBXSourcesBuildPhase section */

/* Begin PBXTargetDependency section */
		DE6D2A6220AC2A0E00FC8EF9 /* PBXTargetDependency */ = {
			isa = PBXTargetDependency;
			target = DE6D2A4B20AC2A0C00FC8EF9 /* DemoAstronaute */;
			targetProxy = DE6D2A6120AC2A0E00FC8EF9 /* PBXContainerItemProxy */;
		};
/* End PBXTargetDependency section */

/* Begin PBXVariantGroup section */
		DE6D2A5320AC2A0D00FC8EF9 /* Main.storyboard */ = {
			isa = PBXVariantGroup;
			children = (
				DE6D2A5420AC2A0D00FC8EF9 /* Base */,
			);
			name = Main.storyboard;
			sourceTree = "<group>";
		};
		DE6D2A5820AC2A0E00FC8EF9 /* LaunchScreen.storyboard */ = {
			isa = PBXVariantGroup;
			children = (
				DE6D2A5920AC2A0E00FC8EF9 /* Base */,
			);
			name = LaunchScreen.storyboard;
			sourceTree = "<group>";
		};
/* End PBXVariantGroup section */

/* Begin XCBuildConfiguration section */
		DE6D2A6720AC2A0E00FC8EF9 /* Debug */ = {
			isa = XCBuildConfiguration;
			buildSettings = {
				ALWAYS_SEARCH_USER_PATHS = NO;
				CLANG_ANALYZER_NONNULL = YES;
				CLANG_ANALYZER_NUMBER_OBJECT_CONVERSION = YES_AGGRESSIVE;
				CLANG_CXX_LANGUAGE_STANDARD = "gnu++14";
				CLANG_CXX_LIBRARY = "libc++";
				CLANG_ENABLE_MODULES = YES;
				CLANG_ENABLE_OBJC_ARC = YES;
				CLANG_ENABLE_OBJC_WEAK = YES;
				CLANG_WARN_BLOCK_CAPTURE_AUTORELEASING = YES;
				CLANG_WARN_BOOL_CONVERSION = YES;
				CLANG_WARN_COMMA = YES;
				CLANG_WARN_CONSTANT_CONVERSION = YES;
				CLANG_WARN_DEPRECATED_OBJC_IMPLEMENTATIONS = YES;
				CLANG_WARN_DIRECT_OBJC_ISA_USAGE = YES_ERROR;
				CLANG_WARN_DOCUMENTATION_COMMENTS = YES;
				CLANG_WARN_EMPTY_BODY = YES;
				CLANG_WARN_ENUM_CONVERSION = YES;
				CLANG_WARN_INFINITE_RECURSION = YES;
				CLANG_WARN_INT_CONVERSION = YES;
				CLANG_WARN_NON_LITERAL_NULL_CONVERSION = YES;
				CLANG_WARN_OBJC_IMPLICIT_RETAIN_SELF = YES;
				CLANG_WARN_OBJC_LITERAL_CONVERSION = YES;
				CLANG_WARN_OBJC_ROOT_CLASS = YES_ERROR;
				CLANG_WARN_RANGE_LOOP_ANALYSIS = YES;
				CLANG_WARN_STRICT_PROTOTYPES = YES;
				CLANG_WARN_SUSPICIOUS_MOVE = YES;
				CLANG_WARN_UNGUARDED_AVAILABILITY = YES_AGGRESSIVE;
				CLANG_WARN_UNREACHABLE_CODE = YES;
				CLANG_WARN__DUPLICATE_METHOD_MATCH = YES;
				CODE_SIGN_IDENTITY = "iPhone Developer";
				COPY_PHASE_STRIP = NO;
				DEBUG_INFORMATION_FORMAT = dwarf;
				ENABLE_STRICT_OBJC_MSGSEND = YES;
				ENABLE_TESTABILITY = YES;
				GCC_C_LANGUAGE_STANDARD = gnu11;
				GCC_DYNAMIC_NO_PIC = NO;
				GCC_NO_COMMON_BLOCKS = YES;
				GCC_OPTIMIZATION_LEVEL = 0;
				GCC_PREPROCESSOR_DEFINITIONS = (
					"DEBUG=1",
					"$(inherited)",
				);
				GCC_WARN_64_TO_32_BIT_CONVERSION = YES;
				GCC_WARN_ABOUT_RETURN_TYPE = YES_ERROR;
				GCC_WARN_UNDECLARED_SELECTOR = YES;
				GCC_WARN_UNINITIALIZED_AUTOS = YES_AGGRESSIVE;
				GCC_WARN_UNUSED_FUNCTION = YES;
				GCC_WARN_UNUSED_VARIABLE = YES;
				IPHONEOS_DEPLOYMENT_TARGET = 11.3;
				MTL_ENABLE_DEBUG_INFO = YES;
				ONLY_ACTIVE_ARCH = YES;
				SDKROOT = iphoneos;
				SWIFT_ACTIVE_COMPILATION_CONDITIONS = DEBUG;
				SWIFT_OPTIMIZATION_LEVEL = "-Onone";
			};
			name = Debug;
		};
		DE6D2A6820AC2A0E00FC8EF9 /* Release */ = {
			isa = XCBuildConfiguration;
			buildSettings = {
				ALWAYS_SEARCH_USER_PATHS = NO;
				CLANG_ANALYZER_NONNULL = YES;
				CLANG_ANALYZER_NUMBER_OBJECT_CONVERSION = YES_AGGRESSIVE;
				CLANG_CXX_LANGUAGE_STANDARD = "gnu++14";
				CLANG_CXX_LIBRARY = "libc++";
				CLANG_ENABLE_MODULES = YES;
				CLANG_ENABLE_OBJC_ARC = YES;
				CLANG_ENABLE_OBJC_WEAK = YES;
				CLANG_WARN_BLOCK_CAPTURE_AUTORELEASING = YES;
				CLANG_WARN_BOOL_CONVERSION = YES;
				CLANG_WARN_COMMA = YES;
				CLANG_WARN_CONSTANT_CONVERSION = YES;
				CLANG_WARN_DEPRECATED_OBJC_IMPLEMENTATIONS = YES;
				CLANG_WARN_DIRECT_OBJC_ISA_USAGE = YES_ERROR;
				CLANG_WARN_DOCUMENTATION_COMMENTS = YES;
				CLANG_WARN_EMPTY_BODY = YES;
				CLANG_WARN_ENUM_CONVERSION = YES;
				CLANG_WARN_INFINITE_RECURSION = YES;
				CLANG_WARN_INT_CONVERSION = YES;
				CLANG_WARN_NON_LITERAL_NULL_CONVERSION = YES;
				CLANG_WARN_OBJC_IMPLICIT_RETAIN_SELF = YES;
				CLANG_WARN_OBJC_LITERAL_CONVERSION = YES;
				CLANG_WARN_OBJC_ROOT_CLASS = YES_ERROR;
				CLANG_WARN_RANGE_LOOP_ANALYSIS = YES;
				CLANG_WARN_STRICT_PROTOTYPES = YES;
				CLANG_WARN_SUSPICIOUS_MOVE = YES;
				CLANG_WARN_UNGUARDED_AVAILABILITY = YES_AGGRESSIVE;
				CLANG_WARN_UNREACHABLE_CODE = YES;
				CLANG_WARN__DUPLICATE_METHOD_MATCH = YES;
				CODE_SIGN_IDENTITY = "iPhone Developer";
				COPY_PHASE_STRIP = NO;
				DEBUG_INFORMATION_FORMAT = "dwarf-with-dsym";
				ENABLE_NS_ASSERTIONS = NO;
				ENABLE_STRICT_OBJC_MSGSEND = YES;
				GCC_C_LANGUAGE_STANDARD = gnu11;
				GCC_NO_COMMON_BLOCKS = YES;
				GCC_WARN_64_TO_32_BIT_CONVERSION = YES;
				GCC_WARN_ABOUT_RETURN_TYPE = YES_ERROR;
				GCC_WARN_UNDECLARED_SELECTOR = YES;
				GCC_WARN_UNINITIALIZED_AUTOS = YES_AGGRESSIVE;
				GCC_WARN_UNUSED_FUNCTION = YES;
				GCC_WARN_UNUSED_VARIABLE = YES;
				IPHONEOS_DEPLOYMENT_TARGET = 11.3;
				MTL_ENABLE_DEBUG_INFO = NO;
				SDKROOT = iphoneos;
				SWIFT_COMPILATION_MODE = wholemodule;
				SWIFT_OPTIMIZATION_LEVEL = "-O";
				VALIDATE_PRODUCT = YES;
			};
			name = Release;
		};
		DE6D2A6A20AC2A0E00FC8EF9 /* Debug */ = {
			isa = XCBuildConfiguration;
			buildSettings = {
				ASSETCATALOG_COMPILER_APPICON_NAME = AppIcon;
				CODE_SIGN_STYLE = Automatic;
				DEVELOPMENT_TEAM = 99J6CKC79H;
				INFOPLIST_FILE = DemoAstronaute/Info.plist;
				LD_RUNPATH_SEARCH_PATHS = (
					"$(inherited)",
					"@executable_path/Frameworks",
				);
				PRODUCT_BUNDLE_IDENTIFIER = com.mobilepowered.DemoAstronaute;
				PRODUCT_NAME = "$(TARGET_NAME)";
				SWIFT_VERSION = 4.0;
				TARGETED_DEVICE_FAMILY = "1,2";
			};
			name = Debug;
		};
		DE6D2A6B20AC2A0E00FC8EF9 /* Release */ = {
			isa = XCBuildConfiguration;
			buildSettings = {
				ASSETCATALOG_COMPILER_APPICON_NAME = AppIcon;
				CODE_SIGN_STYLE = Automatic;
				DEVELOPMENT_TEAM = 99J6CKC79H;
				INFOPLIST_FILE = DemoAstronaute/Info.plist;
				LD_RUNPATH_SEARCH_PATHS = (
					"$(inherited)",
					"@executable_path/Frameworks",
				);
				PRODUCT_BUNDLE_IDENTIFIER = com.mobilepowered.DemoAstronaute;
				PRODUCT_NAME = "$(TARGET_NAME)";
				SWIFT_VERSION = 4.0;
				TARGETED_DEVICE_FAMILY = "1,2";
			};
			name = Release;
		};
		DE6D2A6D20AC2A0E00FC8EF9 /* Debug */ = {
			isa = XCBuildConfiguration;
			buildSettings = {
				ALWAYS_EMBED_SWIFT_STANDARD_LIBRARIES = YES;
				BUNDLE_LOADER = "$(TEST_HOST)";
				CLANG_ENABLE_MODULES = YES;
				CODE_SIGN_STYLE = Automatic;
				DEVELOPMENT_TEAM = 99J6CKC79H;
				INFOPLIST_FILE = DemoAstronauteTests/Info.plist;
				LD_RUNPATH_SEARCH_PATHS = (
					"$(inherited)",
					"@executable_path/Frameworks",
					"@loader_path/Frameworks",
				);
				PRODUCT_BUNDLE_IDENTIFIER = com.mobilepowered.DemoAstronauteTests;
				PRODUCT_NAME = "$(TARGET_NAME)";
				SWIFT_OPTIMIZATION_LEVEL = "-Onone";
				SWIFT_VERSION = 4.0;
				TARGETED_DEVICE_FAMILY = "1,2";
				TEST_HOST = "$(BUILT_PRODUCTS_DIR)/DemoAstronaute.app/DemoAstronaute";
			};
			name = Debug;
		};
		DE6D2A6E20AC2A0E00FC8EF9 /* Release */ = {
			isa = XCBuildConfiguration;
			buildSettings = {
				ALWAYS_EMBED_SWIFT_STANDARD_LIBRARIES = YES;
				BUNDLE_LOADER = "$(TEST_HOST)";
				CLANG_ENABLE_MODULES = YES;
				CODE_SIGN_STYLE = Automatic;
				DEVELOPMENT_TEAM = 99J6CKC79H;
				INFOPLIST_FILE = DemoAstronauteTests/Info.plist;
				LD_RUNPATH_SEARCH_PATHS = (
					"$(inherited)",
					"@executable_path/Frameworks",
					"@loader_path/Frameworks",
				);
				PRODUCT_BUNDLE_IDENTIFIER = com.mobilepowered.DemoAstronauteTests;
				PRODUCT_NAME = "$(TARGET_NAME)";
				SWIFT_VERSION = 4.0;
				TARGETED_DEVICE_FAMILY = "1,2";
				TEST_HOST = "$(BUILT_PRODUCTS_DIR)/DemoAstronaute.app/DemoAstronaute";
			};
			name = Release;
		};
/* End XCBuildConfiguration section */

/* Begin XCConfigurationList section */
		DE6D2A4720AC2A0C00FC8EF9 /* Build configuration list for PBXProject "DemoAstronaute" */ = {
			isa = XCConfigurationList;
			buildConfigurations = (
				DE6D2A6720AC2A0E00FC8EF9 /* Debug */,
				DE6D2A6820AC2A0E00FC8EF9 /* Release */,
			);
			defaultConfigurationIsVisible = 0;
			defaultConfigurationName = Release;
		};
		DE6D2A6920AC2A0E00FC8EF9 /* Build configuration list for PBXNativeTarget "DemoAstronaute" */ = {
			isa = XCConfigurationList;
			buildConfigurations = (
				DE6D2A6A20AC2A0E00FC8EF9 /* Debug */,
				DE6D2A6B20AC2A0E00FC8EF9 /* Release */,
			);
			defaultConfigurationIsVisible = 0;
			defaultConfigurationName = Release;
		};
		DE6D2A6C20AC2A0E00FC8EF9 /* Build configuration list for PBXNativeTarget "DemoAstronauteTests" */ = {
			isa = XCConfigurationList;
			buildConfigurations = (
				DE6D2A6D20AC2A0E00FC8EF9 /* Debug */,
				DE6D2A6E20AC2A0E00FC8EF9 /* Release */,
			);
			defaultConfigurationIsVisible = 0;
			defaultConfigurationName = Release;
		};
/* End XCConfigurationList section */
	};
	rootObject = DE6D2A4420AC2A0C00FC8EF9 /* Project object */;
}
